
Microsoft Visual Studio Solution File, Format Version 12.00
# Visual Studio Version 17
VisualStudioVersion = 17.13.35931.197 d17.13
MinimumVisualStudioVersion = 10.0.40219.1
Project("{FAE04EC0-301F-11D3-BF4B-00C04F79EFBC}") = "task3C#", "task3C#\task3C#.csproj", "{F7E7FC29-090F-4AA9-B61A-9FBB960677F6}"
EndProject
Global
	GlobalSection(SolutionConfigurationPlatforms) = preSolution
		Debug|Any CPU = Debug|Any CPU
		Release|Any CPU = Release|Any CPU
	EndGlobalSection
	GlobalSection(ProjectConfigurationPlatforms) = postSolution
		{F7E7FC29-090F-4AA9-B61A-9FBB960677F6}.Debug|Any CPU.ActiveCfg = Debug|Any CPU
		{F7E7FC29-090F-4AA9-B61A-9FBB960677F6}.Debug|Any CPU.Build.0 = Debug|Any CPU
		{F7E7FC29-090F-4AA9-B61A-9FBB960677F6}.Release|Any CPU.ActiveCfg = Release|Any CPU
		{F7E7FC29-090F-4AA9-B61A-9FBB960677F6}.Release|Any CPU.Build.0 = Release|Any CPU
	EndGlobalSection
	GlobalSection(SolutionProperties) = preSolution
		HideSolutionNode = FALSE
	EndGlobalSection
	GlobalSection(ExtensibilityGlobals) = postSolution
		SolutionGuid = {BBA6814F-3F35-4367-AE6A-D8B267367CC8}
	EndGlobalSection
EndGlobal
